
Microsoft Visual Studio Solution File, Format Version 12.00
# Visual Studio Version 16
VisualStudioVersion = 16.0.30907.101
MinimumVisualStudioVersion = 10.0.40219.1
Project("{2150E333-8FDC-42A3-9474-1A3956D46DE8}") = "BuildingBlocks", "BuildingBlocks", "{0D800F41-A5DF-4B48-AF27-B47A93CC9636}"
EndProject
Project("{2150E333-8FDC-42A3-9474-1A3956D46DE8}") = "Services", "Services", "{57362679-8357-482C-B3BB-BBDA594AEBD4}"
EndProject
Project("{9A19103F-16F7-4668-BE54-9A1E7A4F7556}") = "EventBus", "BuildingBlocks\EventBus\EventBus\EventBus.csproj", "{67C1120B-7F64-4DA9-B788-8D8879F7A1F5}"
EndProject
Project("{9A19103F-16F7-4668-BE54-9A1E7A4F7556}") = "EventBus.Tests", "BuildingBlocks\EventBus\EventBus.Tests\EventBus.Tests.csproj", "{7998EEC0-0045-480B-9D4E-06770061FAEB}"
EndProject
Project("{9A19103F-16F7-4668-BE54-9A1E7A4F7556}") = "EventBus.RabbitMQ", "BuildingBlocks\EventBus\EventBus.RabbitMQ\EventBus.RabbitMQ.csproj", "{25BDA647-187E-4281-8296-45CCB9B67F00}"
EndProject
Project("{9A19103F-16F7-4668-BE54-9A1E7A4F7556}") = "EventBus.ServiceBus", "BuildingBlocks\EventBus\EventBus.ServiceBus\EventBus.ServiceBus.csproj", "{E7C050A9-42D8-44C7-B5BE-B6AE293B4B70}"
EndProject
Project("{9A19103F-16F7-4668-BE54-9A1E7A4F7556}") = "IntegrationEventLogEF", "BuildingBlocks\EventBus\IntegrationEventLogEF\IntegrationEventLogEF.csproj", "{BEC92CC9-1B49-42F0-882F-B516F38EE958}"
EndProject
Project("{2150E333-8FDC-42A3-9474-1A3956D46DE8}") = "EventBus", "EventBus", "{DBAF1F28-D014-4C5D-A510-886335876E9D}"
EndProject
Project("{2150E333-8FDC-42A3-9474-1A3956D46DE8}") = "WebHost", "WebHost", "{DD12BE2A-E624-41F7-A162-55372FB3282E}"
EndProject
Project("{9A19103F-16F7-4668-BE54-9A1E7A4F7556}") = "WebHost.Customization", "BuildingBlocks\WebHostCustomization\WebHost.Customization\WebHost.Customization.csproj", "{E10FD331-CDF6-4538-B7CF-D897E32279F0}"
EndProject
Project("{9A19103F-16F7-4668-BE54-9A1E7A4F7556}") = "Album.API", "Services\Album\Album.API\Album.API.csproj", "{49909717-5442-4218-8F4E-E212D805E5BF}"
EndProject
Project("{9A19103F-16F7-4668-BE54-9A1E7A4F7556}") = "Comment.API", "Services\Comment\Comment.API\Comment.API.csproj", "{8F229DA5-B86D-478F-B359-1A4E7BEA0B45}"
EndProject
Project("{9A19103F-16F7-4668-BE54-9A1E7A4F7556}") = "Photo.API", "Services\Photo\Photo.API\Photo.API.csproj", "{2A4CE796-EB95-4EB7-822C-F552CD127E05}"
EndProject
Project("{9A19103F-16F7-4668-BE54-9A1E7A4F7556}") = "Identity.API", "Services\Identity\Identity.API\Identity.API.csproj", "{E1145144-0F03-4EE9-A4EC-30EE9F7B379A}"
EndProject
Project("{9A19103F-16F7-4668-BE54-9A1E7A4F7556}") = "WebSPA.Slim", "WebSPA.Slim\WebSPA.Slim.csproj", "{420C5F4E-DE46-4ABE-8DE2-A1598C74FD1C}"
EndProject
Global
	GlobalSection(SolutionConfigurationPlatforms) = preSolution
		Debug|Any CPU = Debug|Any CPU
		Release|Any CPU = Release|Any CPU
	EndGlobalSection
	GlobalSection(ProjectConfigurationPlatforms) = postSolution
		{67C1120B-7F64-4DA9-B788-8D8879F7A1F5}.Debug|Any CPU.ActiveCfg = Debug|Any CPU
		{67C1120B-7F64-4DA9-B788-8D8879F7A1F5}.Debug|Any CPU.Build.0 = Debug|Any CPU
		{67C1120B-7F64-4DA9-B788-8D8879F7A1F5}.Release|Any CPU.ActiveCfg = Release|Any CPU
		{67C1120B-7F64-4DA9-B788-8D8879F7A1F5}.Release|Any CPU.Build.0 = Release|Any CPU
		{7998EEC0-0045-480B-9D4E-06770061FAEB}.Debug|Any CPU.ActiveCfg = Debug|Any CPU
		{7998EEC0-0045-480B-9D4E-06770061FAEB}.Debug|Any CPU.Build.0 = Debug|Any CPU
		{7998EEC0-0045-480B-9D4E-06770061FAEB}.Release|Any CPU.ActiveCfg = Release|Any CPU
		{7998EEC0-0045-480B-9D4E-06770061FAEB}.Release|Any CPU.Build.0 = Release|Any CPU
		{25BDA647-187E-4281-8296-45CCB9B67F00}.Debug|Any CPU.ActiveCfg = Debug|Any CPU
		{25BDA647-187E-4281-8296-45CCB9B67F00}.Debug|Any CPU.Build.0 = Debug|Any CPU
		{25BDA647-187E-4281-8296-45CCB9B67F00}.Release|Any CPU.ActiveCfg = Release|Any CPU
		{25BDA647-187E-4281-8296-45CCB9B67F00}.Release|Any CPU.Build.0 = Release|Any CPU
		{E7C050A9-42D8-44C7-B5BE-B6AE293B4B70}.Debug|Any CPU.ActiveCfg = Debug|Any CPU
		{E7C050A9-42D8-44C7-B5BE-B6AE293B4B70}.Debug|Any CPU.Build.0 = Debug|Any CPU
		{E7C050A9-42D8-44C7-B5BE-B6AE293B4B70}.Release|Any CPU.ActiveCfg = Release|Any CPU
		{E7C050A9-42D8-44C7-B5BE-B6AE293B4B70}.Release|Any CPU.Build.0 = Release|Any CPU
		{BEC92CC9-1B49-42F0-882F-B516F38EE958}.Debug|Any CPU.ActiveCfg = Debug|Any CPU
		{BEC92CC9-1B49-42F0-882F-B516F38EE958}.Debug|Any CPU.Build.0 = Debug|Any CPU
		{BEC92CC9-1B49-42F0-882F-B516F38EE958}.Release|Any CPU.ActiveCfg = Release|Any CPU
		{BEC92CC9-1B49-42F0-882F-B516F38EE958}.Release|Any CPU.Build.0 = Release|Any CPU
		{E10FD331-CDF6-4538-B7CF-D897E32279F0}.Debug|Any CPU.ActiveCfg = Debug|Any CPU
		{E10FD331-CDF6-4538-B7CF-D897E32279F0}.Debug|Any CPU.Build.0 = Debug|Any CPU
		{E10FD331-CDF6-4538-B7CF-D897E32279F0}.Release|Any CPU.ActiveCfg = Release|Any CPU
		{E10FD331-CDF6-4538-B7CF-D897E32279F0}.Release|Any CPU.Build.0 = Release|Any CPU
		{49909717-5442-4218-8F4E-E212D805E5BF}.Debug|Any CPU.ActiveCfg = Debug|Any CPU
		{49909717-5442-4218-8F4E-E212D805E5BF}.Debug|Any CPU.Build.0 = Debug|Any CPU
		{49909717-5442-4218-8F4E-E212D805E5BF}.Release|Any CPU.ActiveCfg = Release|Any CPU
		{49909717-5442-4218-8F4E-E212D805E5BF}.Release|Any CPU.Build.0 = Release|Any CPU
		{8F229DA5-B86D-478F-B359-1A4E7BEA0B45}.Debug|Any CPU.ActiveCfg = Debug|Any CPU
		{8F229DA5-B86D-478F-B359-1A4E7BEA0B45}.Debug|Any CPU.Build.0 = Debug|Any CPU
		{8F229DA5-B86D-478F-B359-1A4E7BEA0B45}.Release|Any CPU.ActiveCfg = Release|Any CPU
		{8F229DA5-B86D-478F-B359-1A4E7BEA0B45}.Release|Any CPU.Build.0 = Release|Any CPU
		{2A4CE796-EB95-4EB7-822C-F552CD127E05}.Debug|Any CPU.ActiveCfg = Debug|Any CPU
		{2A4CE796-EB95-4EB7-822C-F552CD127E05}.Debug|Any CPU.Build.0 = Debug|Any CPU
		{2A4CE796-EB95-4EB7-822C-F552CD127E05}.Release|Any CPU.ActiveCfg = Release|Any CPU
		{2A4CE796-EB95-4EB7-822C-F552CD127E05}.Release|Any CPU.Build.0 = Release|Any CPU
		{E1145144-0F03-4EE9-A4EC-30EE9F7B379A}.Debug|Any CPU.ActiveCfg = Debug|Any CPU
		{E1145144-0F03-4EE9-A4EC-30EE9F7B379A}.Debug|Any CPU.Build.0 = Debug|Any CPU
		{E1145144-0F03-4EE9-A4EC-30EE9F7B379A}.Release|Any CPU.ActiveCfg = Release|Any CPU
		{E1145144-0F03-4EE9-A4EC-30EE9F7B379A}.Release|Any CPU.Build.0 = Release|Any CPU
		{420C5F4E-DE46-4ABE-8DE2-A1598C74FD1C}.Debug|Any CPU.ActiveCfg = Debug|Any CPU
		{420C5F4E-DE46-4ABE-8DE2-A1598C74FD1C}.Debug|Any CPU.Build.0 = Debug|Any CPU
		{420C5F4E-DE46-4ABE-8DE2-A1598C74FD1C}.Release|Any CPU.ActiveCfg = Release|Any CPU
		{420C5F4E-DE46-4ABE-8DE2-A1598C74FD1C}.Release|Any CPU.Build.0 = Release|Any CPU
	EndGlobalSection
	GlobalSection(SolutionProperties) = preSolution
		HideSolutionNode = FALSE
	EndGlobalSection
	GlobalSection(NestedProjects) = preSolution
		{67C1120B-7F64-4DA9-B788-8D8879F7A1F5} = {DBAF1F28-D014-4C5D-A510-886335876E9D}
		{7998EEC0-0045-480B-9D4E-06770061FAEB} = {DBAF1F28-D014-4C5D-A510-886335876E9D}
		{25BDA647-187E-4281-8296-45CCB9B67F00} = {DBAF1F28-D014-4C5D-A510-886335876E9D}
		{E7C050A9-42D8-44C7-B5BE-B6AE293B4B70} = {DBAF1F28-D014-4C5D-A510-886335876E9D}
		{BEC92CC9-1B49-42F0-882F-B516F38EE958} = {DBAF1F28-D014-4C5D-A510-886335876E9D}
		{DBAF1F28-D014-4C5D-A510-886335876E9D} = {0D800F41-A5DF-4B48-AF27-B47A93CC9636}
		{DD12BE2A-E624-41F7-A162-55372FB3282E} = {0D800F41-A5DF-4B48-AF27-B47A93CC9636}
		{E10FD331-CDF6-4538-B7CF-D897E32279F0} = {DD12BE2A-E624-41F7-A162-55372FB3282E}
		{49909717-5442-4218-8F4E-E212D805E5BF} = {57362679-8357-482C-B3BB-BBDA594AEBD4}
		{8F229DA5-B86D-478F-B359-1A4E7BEA0B45} = {57362679-8357-482C-B3BB-BBDA594AEBD4}
		{2A4CE796-EB95-4EB7-822C-F552CD127E05} = {57362679-8357-482C-B3BB-BBDA594AEBD4}
		{E1145144-0F03-4EE9-A4EC-30EE9F7B379A} = {57362679-8357-482C-B3BB-BBDA594AEBD4}
	EndGlobalSection
	GlobalSection(ExtensibilityGlobals) = postSolution
		SolutionGuid = {F6DB5D8B-521D-4107-9256-54F522F3FCBB}
	EndGlobalSection
EndGlobal
